
Microsoft Visual Studio Solution File, Format Version 12.00
# Visual Studio 15
VisualStudioVersion = 15.0.28307.572
MinimumVisualStudioVersion = 10.0.40219.1
Project("{FAE04EC0-301F-11D3-BF4B-00C04F79EFBC}") = "GradientPanel", "GradientPanel\GradientPanel.csproj", "{954B19DB-A487-4CD3-B717-7417915AE2BC}"
EndProject
Global
	GlobalSection(SolutionConfigurationPlatforms) = preSolution
		Debug|Any CPU = Debug|Any CPU
		Release|Any CPU = Release|Any CPU
	EndGlobalSection
	GlobalSection(ProjectConfigurationPlatforms) = postSolution
		{954B19DB-A487-4CD3-B717-7417915AE2BC}.Debug|Any CPU.ActiveCfg = Debug|Any CPU
		{954B19DB-A487-4CD3-B717-7417915AE2BC}.Debug|Any CPU.Build.0 = Debug|Any CPU
		{954B19DB-A487-4CD3-B717-7417915AE2BC}.Release|Any CPU.ActiveCfg = Release|Any CPU
		{954B19DB-A487-4CD3-B717-7417915AE2BC}.Release|Any CPU.Build.0 = Release|Any CPU
	EndGlobalSection
	GlobalSection(SolutionProperties) = preSolution
		HideSolutionNode = FALSE
	EndGlobalSection
	GlobalSection(ExtensibilityGlobals) = postSolution
		SolutionGuid = {9564DCE3-26EC-40D8-B644-B88D97CB959A}
	EndGlobalSection
EndGlobal
